// !$*UTF8*$!
{
	archiveVersion = 1;
	classes = {
	};
	objectVersion = 50;
	objects = {

/* Begin PBXBuildFile section */
		847A51ED25804723002DEF2D /* Assets.xcassets in Resources */ = {isa = PBXBuildFile; fileRef = 847A51EC25804723002DEF2D /* Assets.xcassets */; };
		847A51F025804723002DEF2D /* MainMenu.xib in Resources */ = {isa = PBXBuildFile; fileRef = 847A51EE25804723002DEF2D /* MainMenu.xib */; };
		847A51FA25804931002DEF2D /* LICENSE in Resources */ = {isa = PBXBuildFile; fileRef = 847A51F825804931002DEF2D /* LICENSE */; };
		847A51FB25804931002DEF2D /* README.md in Resources */ = {isa = PBXBuildFile; fileRef = 847A51F925804931002DEF2D /* README.md */; };
		847A520125804998002DEF2D /* Bt.swift in Sources */ = {isa = PBXBuildFile; fileRef = 847A51FD25804998002DEF2D /* Bt.swift */; };
		847A520225804998002DEF2D /* StatusItem.swift in Sources */ = {isa = PBXBuildFile; fileRef = 847A51FE25804998002DEF2D /* StatusItem.swift */; };
		847A5205258049F6002DEF2D /* AppDelegate.swift in Sources */ = {isa = PBXBuildFile; fileRef = 847A5204258049F5002DEF2D /* AppDelegate.swift */; };
		847A520B25804ACF002DEF2D /* Bose.swift in Sources */ = {isa = PBXBuildFile; fileRef = 847A520725804ACF002DEF2D /* Bose.swift */; };
		847A520D25804ACF002DEF2D /* BmapPacket.swift in Sources */ = {isa = PBXBuildFile; fileRef = 847A520925804ACF002DEF2D /* BmapPacket.swift */; };
		847A520E25804ACF002DEF2D /* EventHandler.swift in Sources */ = {isa = PBXBuildFile; fileRef = 847A520A25804ACF002DEF2D /* EventHandler.swift */; };
		847A521725804B34002DEF2D /* DeviceManagementFunctionBlock.swift in Sources */ = {isa = PBXBuildFile; fileRef = 847A521125804B34002DEF2D /* DeviceManagementFunctionBlock.swift */; };
		847A521825804B34002DEF2D /* FunctionBlock.swift in Sources */ = {isa = PBXBuildFile; fileRef = 847A521225804B34002DEF2D /* FunctionBlock.swift */; };
		847A521925804B34002DEF2D /* AudioManagementFunctionBlock.swift in Sources */ = {isa = PBXBuildFile; fileRef = 847A521325804B34002DEF2D /* AudioManagementFunctionBlock.swift */; };
		847A521A25804B34002DEF2D /* SettingsFunctionBlock.swift in Sources */ = {isa = PBXBuildFile; fileRef = 847A521425804B34002DEF2D /* SettingsFunctionBlock.swift */; };
		847A521B25804B34002DEF2D /* StatusFunctionBlock.swift in Sources */ = {isa = PBXBuildFile; fileRef = 847A521525804B34002DEF2D /* StatusFunctionBlock.swift */; };
		847A521C25804B34002DEF2D /* ProductInfoFunctionBlock.swift in Sources */ = {isa = PBXBuildFile; fileRef = 847A521625804B34002DEF2D /* ProductInfoFunctionBlock.swift */; };
/* End PBXBuildFile section */

/* Begin PBXFileReference section */
		847A51E72580471F002DEF2D /* NoQCNoLife.app */ = {isa = PBXFileReference; explicitFileType = wrapper.application; includeInIndex = 0; path = NoQCNoLife.app; sourceTree = BUILT_PRODUCTS_DIR; };
		847A51EC25804723002DEF2D /* Assets.xcassets */ = {isa = PBXFileReference; lastKnownFileType = folder.assetcatalog; path = Assets.xcassets; sourceTree = "<group>"; };
		847A51EF25804723002DEF2D /* Base */ = {isa = PBXFileReference; lastKnownFileType = file.xib; name = Base; path = Base.lproj/MainMenu.xib; sourceTree = "<group>"; };
		847A51F125804723002DEF2D /* Info.plist */ = {isa = PBXFileReference; lastKnownFileType = text.plist.xml; path = Info.plist; sourceTree = "<group>"; };
		847A51F225804723002DEF2D /* NoQCNoLife.entitlements */ = {isa = PBXFileReference; lastKnownFileType = text.plist.entitlements; path = NoQCNoLife.entitlements; sourceTree = "<group>"; };
		847A51F825804931002DEF2D /* LICENSE */ = {isa = PBXFileReference; fileEncoding = 4; lastKnownFileType = text; path = LICENSE; sourceTree = "<group>"; };
		847A51F925804931002DEF2D /* README.md */ = {isa = PBXFileReference; fileEncoding = 4; lastKnownFileType = net.daringfireball.markdown; path = README.md; sourceTree = "<group>"; };
		847A51FD25804998002DEF2D /* Bt.swift */ = {isa = PBXFileReference; fileEncoding = 4; lastKnownFileType = sourcecode.swift; path = Bt.swift; sourceTree = "<group>"; };
		847A51FE25804998002DEF2D /* StatusItem.swift */ = {isa = PBXFileReference; fileEncoding = 4; lastKnownFileType = sourcecode.swift; path = StatusItem.swift; sourceTree = "<group>"; };
		847A5204258049F5002DEF2D /* AppDelegate.swift */ = {isa = PBXFileReference; lastKnownFileType = sourcecode.swift; path = AppDelegate.swift; sourceTree = "<group>"; };
		847A520725804ACF002DEF2D /* Bose.swift */ = {isa = PBXFileReference; fileEncoding = 4; lastKnownFileType = sourcecode.swift; path = Bose.swift; sourceTree = "<group>"; };
		847A520925804ACF002DEF2D /* BmapPacket.swift */ = {isa = PBXFileReference; fileEncoding = 4; lastKnownFileType = sourcecode.swift; path = BmapPacket.swift; sourceTree = "<group>"; };
		847A520A25804ACF002DEF2D /* EventHandler.swift */ = {isa = PBXFileReference; fileEncoding = 4; lastKnownFileType = sourcecode.swift; path = EventHandler.swift; sourceTree = "<group>"; };
		847A521125804B34002DEF2D /* DeviceManagementFunctionBlock.swift */ = {isa = PBXFileReference; fileEncoding = 4; lastKnownFileType = sourcecode.swift; path = DeviceManagementFunctionBlock.swift; sourceTree = "<group>"; };
		847A521225804B34002DEF2D /* FunctionBlock.swift */ = {isa = PBXFileReference; fileEncoding = 4; lastKnownFileType = sourcecode.swift; path = FunctionBlock.swift; sourceTree = "<group>"; };
		847A521325804B34002DEF2D /* AudioManagementFunctionBlock.swift */ = {isa = PBXFileReference; fileEncoding = 4; lastKnownFileType = sourcecode.swift; path = AudioManagementFunctionBlock.swift; sourceTree = "<group>"; };
		847A521425804B34002DEF2D /* SettingsFunctionBlock.swift */ = {isa = PBXFileReference; fileEncoding = 4; lastKnownFileType = sourcecode.swift; path = SettingsFunctionBlock.swift; sourceTree = "<group>"; };
		847A521525804B34002DEF2D /* StatusFunctionBlock.swift */ = {isa = PBXFileReference; fileEncoding = 4; lastKnownFileType = sourcecode.swift; path = StatusFunctionBlock.swift; sourceTree = "<group>"; };
		847A521625804B34002DEF2D /* ProductInfoFunctionBlock.swift */ = {isa = PBXFileReference; fileEncoding = 4; lastKnownFileType = sourcecode.swift; path = ProductInfoFunctionBlock.swift; sourceTree = "<group>"; };
/* End PBXFileReference section */

/* Begin PBXFrameworksBuildPhase section */
		847A51E42580471F002DEF2D /* Frameworks */ = {
			isa = PBXFrameworksBuildPhase;
			buildActionMask = 2147483647;
			files = (
			);
			runOnlyForDeploymentPostprocessing = 0;
		};
/* End PBXFrameworksBuildPhase section */

/* Begin PBXGroup section */
		847A51DE2580471F002DEF2D = {
			isa = PBXGroup;
			children = (
				847A51F825804931002DEF2D /* LICENSE */,
				847A51F925804931002DEF2D /* README.md */,
				847A51E92580471F002DEF2D /* NoQCNoLife */,
				847A51E82580471F002DEF2D /* Products */,
			);
			sourceTree = "<group>";
		};
		847A51E82580471F002DEF2D /* Products */ = {
			isa = PBXGroup;
			children = (
				847A51E72580471F002DEF2D /* NoQCNoLife.app */,
			);
			name = Products;
			sourceTree = "<group>";
		};
		847A51E92580471F002DEF2D /* NoQCNoLife */ = {
			isa = PBXGroup;
			children = (
				847A51F225804723002DEF2D /* NoQCNoLife.entitlements */,
				847A51F125804723002DEF2D /* Info.plist */,
				847A5204258049F5002DEF2D /* AppDelegate.swift */,
				847A51FD25804998002DEF2D /* Bt.swift */,
				847A51FE25804998002DEF2D /* StatusItem.swift */,
				847A521E2580517D002DEF2D /* bose */,
				847A51EC25804723002DEF2D /* Assets.xcassets */,
				847A51EE25804723002DEF2D /* MainMenu.xib */,
			);
			path = NoQCNoLife;
			sourceTree = "<group>";
		};
		847A521D25805157002DEF2D /* FunctionBlocks */ = {
			isa = PBXGroup;
			children = (
				847A521325804B34002DEF2D /* AudioManagementFunctionBlock.swift */,
				847A521125804B34002DEF2D /* DeviceManagementFunctionBlock.swift */,
				847A521225804B34002DEF2D /* FunctionBlock.swift */,
				847A521625804B34002DEF2D /* ProductInfoFunctionBlock.swift */,
				847A521425804B34002DEF2D /* SettingsFunctionBlock.swift */,
				847A521525804B34002DEF2D /* StatusFunctionBlock.swift */,
			);
			path = FunctionBlocks;
			sourceTree = "<group>";
		};
		847A521E2580517D002DEF2D /* bose */ = {
			isa = PBXGroup;
			children = (
				847A521D25805157002DEF2D /* FunctionBlocks */,
				847A520925804ACF002DEF2D /* BmapPacket.swift */,
				847A520725804ACF002DEF2D /* Bose.swift */,
				847A520A25804ACF002DEF2D /* EventHandler.swift */,
			);
			path = bose;
			sourceTree = "<group>";
		};
/* End PBXGroup section */

/* Begin PBXNativeTarget section */
		847A51E62580471F002DEF2D /* NoQCNoLife */ = {
			isa = PBXNativeTarget;
			buildConfigurationList = 847A51F525804723002DEF2D /* Build configuration list for PBXNativeTarget "NoQCNoLife" */;
			buildPhases = (
				847A51E32580471F002DEF2D /* Sources */,
				847A51E42580471F002DEF2D /* Frameworks */,
				847A51E52580471F002DEF2D /* Resources */,
			);
			buildRules = (
			);
			dependencies = (
			);
			name = NoQCNoLife;
			productName = NoQCNoLife;
			productReference = 847A51E72580471F002DEF2D /* NoQCNoLife.app */;
			productType = "com.apple.product-type.application";
		};
/* End PBXNativeTarget section */

/* Begin PBXProject section */
		847A51DF2580471F002DEF2D /* Project object */ = {
			isa = PBXProject;
			attributes = {
				LastSwiftUpdateCheck = 1010;
				LastUpgradeCheck = 1010;
				TargetAttributes = {
					847A51E62580471F002DEF2D = {
						CreatedOnToolsVersion = 10.1;
						SystemCapabilities = {
							com.apple.Sandbox = {
								enabled = 1;
							};
						};
					};
				};
			};
			buildConfigurationList = 847A51E22580471F002DEF2D /* Build configuration list for PBXProject "NoQCNoLife" */;
			compatibilityVersion = "Xcode 9.3";
			developmentRegion = en;
			hasScannedForEncodings = 0;
			knownRegions = (
				en,
				Base,
			);
			mainGroup = 847A51DE2580471F002DEF2D;
			productRefGroup = 847A51E82580471F002DEF2D /* Products */;
			projectDirPath = "";
			projectRoot = "";
			targets = (
				847A51E62580471F002DEF2D /* NoQCNoLife */,
			);
		};
/* End PBXProject section */

/* Begin PBXResourcesBuildPhase section */
		847A51E52580471F002DEF2D /* Resources */ = {
			isa = PBXResourcesBuildPhase;
			buildActionMask = 2147483647;
			files = (
				847A51FA25804931002DEF2D /* LICENSE in Resources */,
				847A51ED25804723002DEF2D /* Assets.xcassets in Resources */,
				847A51FB25804931002DEF2D /* README.md in Resources */,
				847A51F025804723002DEF2D /* MainMenu.xib in Resources */,
			);
			runOnlyForDeploymentPostprocessing = 0;
		};
/* End PBXResourcesBuildPhase section */

/* Begin PBXSourcesBuildPhase section */
		847A51E32580471F002DEF2D /* Sources */ = {
			isa = PBXSourcesBuildPhase;
			buildActionMask = 2147483647;
			files = (
				847A521A25804B34002DEF2D /* SettingsFunctionBlock.swift in Sources */,
				847A5205258049F6002DEF2D /* AppDelegate.swift in Sources */,
				847A521925804B34002DEF2D /* AudioManagementFunctionBlock.swift in Sources */,
				847A520E25804ACF002DEF2D /* EventHandler.swift in Sources */,
				847A521725804B34002DEF2D /* DeviceManagementFunctionBlock.swift in Sources */,
				847A520225804998002DEF2D /* StatusItem.swift in Sources */,
				847A521B25804B34002DEF2D /* StatusFunctionBlock.swift in Sources */,
				847A521C25804B34002DEF2D /* ProductInfoFunctionBlock.swift in Sources */,
				847A520D25804ACF002DEF2D /* BmapPacket.swift in Sources */,
				847A520B25804ACF002DEF2D /* Bose.swift in Sources */,
				847A520125804998002DEF2D /* Bt.swift in Sources */,
				847A521825804B34002DEF2D /* FunctionBlock.swift in Sources */,
			);
			runOnlyForDeploymentPostprocessing = 0;
		};
/* End PBXSourcesBuildPhase section */

/* Begin PBXVariantGroup section */
		847A51EE25804723002DEF2D /* MainMenu.xib */ = {
			isa = PBXVariantGroup;
			children = (
				847A51EF25804723002DEF2D /* Base */,
			);
			name = MainMenu.xib;
			sourceTree = "<group>";
		};
/* End PBXVariantGroup section */

/* Begin XCBuildConfiguration section */
		847A51F325804723002DEF2D /* Debug */ = {
			isa = XCBuildConfiguration;
			buildSettings = {
				ALWAYS_SEARCH_USER_PATHS = NO;
				CLANG_ANALYZER_NONNULL = YES;
				CLANG_ANALYZER_NUMBER_OBJECT_CONVERSION = YES_AGGRESSIVE;
				CLANG_CXX_LANGUAGE_STANDARD = "gnu++14";
				CLANG_CXX_LIBRARY = "libc++";
				CLANG_ENABLE_MODULES = YES;
				CLANG_ENABLE_OBJC_ARC = YES;
				CLANG_ENABLE_OBJC_WEAK = YES;
				CLANG_WARN_BLOCK_CAPTURE_AUTORELEASING = YES;
				CLANG_WARN_BOOL_CONVERSION = YES;
				CLANG_WARN_COMMA = YES;
				CLANG_WARN_CONSTANT_CONVERSION = YES;
				CLANG_WARN_DEPRECATED_OBJC_IMPLEMENTATIONS = YES;
				CLANG_WARN_DIRECT_OBJC_ISA_USAGE = YES_ERROR;
				CLANG_WARN_DOCUMENTATION_COMMENTS = YES;
				CLANG_WARN_EMPTY_BODY = YES;
				CLANG_WARN_ENUM_CONVERSION = YES;
				CLANG_WARN_INFINITE_RECURSION = YES;
				CLANG_WARN_INT_CONVERSION = YES;
				CLANG_WARN_NON_LITERAL_NULL_CONVERSION = YES;
				CLANG_WARN_OBJC_IMPLICIT_RETAIN_SELF = YES;
				CLANG_WARN_OBJC_LITERAL_CONVERSION = YES;
				CLANG_WARN_OBJC_ROOT_CLASS = YES_ERROR;
				CLANG_WARN_RANGE_LOOP_ANALYSIS = YES;
				CLANG_WARN_STRICT_PROTOTYPES = YES;
				CLANG_WARN_SUSPICIOUS_MOVE = YES;
				CLANG_WARN_UNGUARDED_AVAILABILITY = YES_AGGRESSIVE;
				CLANG_WARN_UNREACHABLE_CODE = YES;
				CLANG_WARN__DUPLICATE_METHOD_MATCH = YES;
				CODE_SIGN_IDENTITY = "-";
				COPY_PHASE_STRIP = NO;
				DEBUG_INFORMATION_FORMAT = dwarf;
				ENABLE_STRICT_OBJC_MSGSEND = YES;
				ENABLE_TESTABILITY = YES;
				GCC_C_LANGUAGE_STANDARD = gnu11;
				GCC_DYNAMIC_NO_PIC = NO;
				GCC_NO_COMMON_BLOCKS = YES;
				GCC_OPTIMIZATION_LEVEL = 0;
				GCC_PREPROCESSOR_DEFINITIONS = (
					"DEBUG=1",
					"$(inherited)",
				);
				GCC_WARN_64_TO_32_BIT_CONVERSION = YES;
				GCC_WARN_ABOUT_RETURN_TYPE = YES_ERROR;
				GCC_WARN_UNDECLARED_SELECTOR = YES;
				GCC_WARN_UNINITIALIZED_AUTOS = YES_AGGRESSIVE;
				GCC_WARN_UNUSED_FUNCTION = YES;
				GCC_WARN_UNUSED_VARIABLE = YES;
				MACOSX_DEPLOYMENT_TARGET = 10.13;
				MTL_ENABLE_DEBUG_INFO = INCLUDE_SOURCE;
				MTL_FAST_MATH = YES;
				ONLY_ACTIVE_ARCH = YES;
				SDKROOT = macosx;
				SWIFT_ACTIVE_COMPILATION_CONDITIONS = DEBUG;
				SWIFT_OPTIMIZATION_LEVEL = "-Onone";
			};
			name = Debug;
		};
		847A51F425804723002DEF2D /* Release */ = {
			isa = XCBuildConfiguration;
			buildSettings = {
				ALWAYS_SEARCH_USER_PATHS = NO;
				CLANG_ANALYZER_NONNULL = YES;
				CLANG_ANALYZER_NUMBER_OBJECT_CONVERSION = YES_AGGRESSIVE;
				CLANG_CXX_LANGUAGE_STANDARD = "gnu++14";
				CLANG_CXX_LIBRARY = "libc++";
				CLANG_ENABLE_MODULES = YES;
				CLANG_ENABLE_OBJC_ARC = YES;
				CLANG_ENABLE_OBJC_WEAK = YES;
				CLANG_WARN_BLOCK_CAPTURE_AUTORELEASING = YES;
				CLANG_WARN_BOOL_CONVERSION = YES;
				CLANG_WARN_COMMA = YES;
				CLANG_WARN_CONSTANT_CONVERSION = YES;
				CLANG_WARN_DEPRECATED_OBJC_IMPLEMENTATIONS = YES;
				CLANG_WARN_DIRECT_OBJC_ISA_USAGE = YES_ERROR;
				CLANG_WARN_DOCUMENTATION_COMMENTS = YES;
				CLANG_WARN_EMPTY_BODY = YES;
				CLANG_WARN_ENUM_CONVERSION = YES;
				CLANG_WARN_INFINITE_RECURSION = YES;
				CLANG_WARN_INT_CONVERSION = YES;
				CLANG_WARN_NON_LITERAL_NULL_CONVERSION = YES;
				CLANG_WARN_OBJC_IMPLICIT_RETAIN_SELF = YES;
				CLANG_WARN_OBJC_LITERAL_CONVERSION = YES;
				CLANG_WARN_OBJC_ROOT_CLASS = YES_ERROR;
				CLANG_WARN_RANGE_LOOP_ANALYSIS = YES;
				CLANG_WARN_STRICT_PROTOTYPES = YES;
				CLANG_WARN_SUSPICIOUS_MOVE = YES;
				CLANG_WARN_UNGUARDED_AVAILABILITY = YES_AGGRESSIVE;
				CLANG_WARN_UNREACHABLE_CODE = YES;
				CLANG_WARN__DUPLICATE_METHOD_MATCH = YES;
				CODE_SIGN_IDENTITY = "-";
				COPY_PHASE_STRIP = NO;
				DEBUG_INFORMATION_FORMAT = "dwarf-with-dsym";
				ENABLE_NS_ASSERTIONS = NO;
				ENABLE_STRICT_OBJC_MSGSEND = YES;
				GCC_C_LANGUAGE_STANDARD = gnu11;
				GCC_NO_COMMON_BLOCKS = YES;
				GCC_WARN_64_TO_32_BIT_CONVERSION = YES;
				GCC_WARN_ABOUT_RETURN_TYPE = YES_ERROR;
				GCC_WARN_UNDECLARED_SELECTOR = YES;
				GCC_WARN_UNINITIALIZED_AUTOS = YES_AGGRESSIVE;
				GCC_WARN_UNUSED_FUNCTION = YES;
				GCC_WARN_UNUSED_VARIABLE = YES;
				MACOSX_DEPLOYMENT_TARGET = 10.13;
				MTL_ENABLE_DEBUG_INFO = NO;
				MTL_FAST_MATH = YES;
				SDKROOT = macosx;
				SWIFT_COMPILATION_MODE = wholemodule;
				SWIFT_OPTIMIZATION_LEVEL = "-O";
			};
			name = Release;
		};
		847A51F625804723002DEF2D /* Debug */ = {
			isa = XCBuildConfiguration;
			buildSettings = {
				ASSETCATALOG_COMPILER_APPICON_NAME = AppIcon;
				CODE_SIGN_ENTITLEMENTS = NoQCNoLife/NoQCNoLife.entitlements;
				CODE_SIGN_STYLE = Manual;
				COMBINE_HIDPI_IMAGES = YES;
				DEVELOPMENT_TEAM = "";
				INFOPLIST_FILE = NoQCNoLife/Info.plist;
				LD_RUNPATH_SEARCH_PATHS = (
					"$(inherited)",
					"@executable_path/../Frameworks",
				);
				MACOSX_DEPLOYMENT_TARGET = 10.13;
				PRODUCT_BUNDLE_IDENTIFIER = io.github.ll0s0ll.NoQCNoLife;
				PRODUCT_NAME = "$(TARGET_NAME)";
				PROVISIONING_PROFILE_SPECIFIER = "";
				SWIFT_VERSION = 4.2;
			};
			name = Debug;
		};
		847A51F725804723002DEF2D /* Release */ = {
			isa = XCBuildConfiguration;
			buildSettings = {
				ASSETCATALOG_COMPILER_APPICON_NAME = AppIcon;
				CODE_SIGN_ENTITLEMENTS = NoQCNoLife/NoQCNoLife.entitlements;
				CODE_SIGN_STYLE = Manual;
				COMBINE_HIDPI_IMAGES = YES;
				DEVELOPMENT_TEAM = "";
				INFOPLIST_FILE = NoQCNoLife/Info.plist;
				LD_RUNPATH_SEARCH_PATHS = (
					"$(inherited)",
					"@executable_path/../Frameworks",
				);
				MACOSX_DEPLOYMENT_TARGET = 10.13;
				PRODUCT_BUNDLE_IDENTIFIER = io.github.ll0s0ll.NoQCNoLife;
				PRODUCT_NAME = "$(TARGET_NAME)";
				PROVISIONING_PROFILE_SPECIFIER = "";
				SWIFT_VERSION = 4.2;
			};
			name = Release;
		};
/* End XCBuildConfiguration section */

/* Begin XCConfigurationList section */
		847A51E22580471F002DEF2D /* Build configuration list for PBXProject "NoQCNoLife" */ = {
			isa = XCConfigurationList;
			buildConfigurations = (
				847A51F325804723002DEF2D /* Debug */,
				847A51F425804723002DEF2D /* Release */,
			);
			defaultConfigurationIsVisible = 0;
			defaultConfigurationName = Release;
		};
		847A51F525804723002DEF2D /* Build configuration list for PBXNativeTarget "NoQCNoLife" */ = {
			isa = XCConfigurationList;
			buildConfigurations = (
				847A51F625804723002DEF2D /* Debug */,
				847A51F725804723002DEF2D /* Release */,
			);
			defaultConfigurationIsVisible = 0;
			defaultConfigurationName = Release;
		};
/* End XCConfigurationList section */
	};
	rootObject = 847A51DF2580471F002DEF2D /* Project object */;
}
